
Microsoft Visual Studio Solution File, Format Version 12.00
# Visual Studio 2013
VisualStudioVersion = 12.0.31101.0
MinimumVisualStudioVersion = 10.0.40219.1
Project("{FAE04EC0-301F-11D3-BF4B-00C04F79EFBC}") = "ItroSort", "ItroSort\ItroSort.csproj", "{8ED2D821-D063-4333-9656-15EA10A6815A}"
EndProject
Project("{FAE04EC0-301F-11D3-BF4B-00C04F79EFBC}") = "IntroSortLib", "IntroSortLib\IntroSortLib.csproj", "{9C3F28A3-CECD-4848-8296-87001F1BEFF1}"
EndProject
Project("{FAE04EC0-301F-11D3-BF4B-00C04F79EFBC}") = "UnitTestOfIntroSort", "UnitTestOfIntroSort\UnitTestOfIntroSort.csproj", "{FBB1A544-26CC-460D-A670-FE10A71E482B}"
EndProject
Global
	GlobalSection(SolutionConfigurationPlatforms) = preSolution
		Debug|Any CPU = Debug|Any CPU
		Release|Any CPU = Release|Any CPU
	EndGlobalSection
	GlobalSection(ProjectConfigurationPlatforms) = postSolution
		{8ED2D821-D063-4333-9656-15EA10A6815A}.Debug|Any CPU.ActiveCfg = Debug|Any CPU
		{8ED2D821-D063-4333-9656-15EA10A6815A}.Debug|Any CPU.Build.0 = Debug|Any CPU
		{8ED2D821-D063-4333-9656-15EA10A6815A}.Release|Any CPU.ActiveCfg = Release|Any CPU
		{8ED2D821-D063-4333-9656-15EA10A6815A}.Release|Any CPU.Build.0 = Release|Any CPU
		{9C3F28A3-CECD-4848-8296-87001F1BEFF1}.Debug|Any CPU.ActiveCfg = Debug|Any CPU
		{9C3F28A3-CECD-4848-8296-87001F1BEFF1}.Debug|Any CPU.Build.0 = Debug|Any CPU
		{9C3F28A3-CECD-4848-8296-87001F1BEFF1}.Release|Any CPU.ActiveCfg = Release|Any CPU
		{9C3F28A3-CECD-4848-8296-87001F1BEFF1}.Release|Any CPU.Build.0 = Release|Any CPU
		{FBB1A544-26CC-460D-A670-FE10A71E482B}.Debug|Any CPU.ActiveCfg = Debug|Any CPU
		{FBB1A544-26CC-460D-A670-FE10A71E482B}.Debug|Any CPU.Build.0 = Debug|Any CPU
		{FBB1A544-26CC-460D-A670-FE10A71E482B}.Release|Any CPU.ActiveCfg = Release|Any CPU
		{FBB1A544-26CC-460D-A670-FE10A71E482B}.Release|Any CPU.Build.0 = Release|Any CPU
	EndGlobalSection
	GlobalSection(SolutionProperties) = preSolution
		HideSolutionNode = FALSE
	EndGlobalSection
EndGlobal
